
Microsoft Visual Studio Solution File, Format Version 12.00
# Visual Studio Version 17
VisualStudioVersion = 17.3.32922.545
MinimumVisualStudioVersion = 10.0.40219.1
Project("{FAE04EC0-301F-11D3-BF4B-00C04F79EFBC}") = "musicHit", "musicHit\musicHit.csproj", "{56EDBBF4-017B-4667-9768-FD764C8E4F6C}"
EndProject
Global
	GlobalSection(SolutionConfigurationPlatforms) = preSolution
		Debug|Any CPU = Debug|Any CPU
		Release|Any CPU = Release|Any CPU
	EndGlobalSection
	GlobalSection(ProjectConfigurationPlatforms) = postSolution
		{56EDBBF4-017B-4667-9768-FD764C8E4F6C}.Debug|Any CPU.ActiveCfg = Debug|Any CPU
		{56EDBBF4-017B-4667-9768-FD764C8E4F6C}.Debug|Any CPU.Build.0 = Debug|Any CPU
		{56EDBBF4-017B-4667-9768-FD764C8E4F6C}.Release|Any CPU.ActiveCfg = Release|Any CPU
		{56EDBBF4-017B-4667-9768-FD764C8E4F6C}.Release|Any CPU.Build.0 = Release|Any CPU
	EndGlobalSection
	GlobalSection(SolutionProperties) = preSolution
		HideSolutionNode = FALSE
	EndGlobalSection
	GlobalSection(ExtensibilityGlobals) = postSolution
		SolutionGuid = {55C459D6-8942-4CB6-A23C-B1370E369207}
	EndGlobalSection
EndGlobal
